# This file is automatically @generated by Cargo.
# It is not intended for manual editing.
version = 4

[[package]]
name = "lifted-rs"
version = "0.1.0"
dependencies = [
 "rc-slice2",
]

[[package]]
name = "rc-slice2"
version = "0.4.1"
source = "registry+https://github.com/rust-lang/crates.io-index"
checksum = "8cd4ae12335edcf7a66b10c6c411414b16bed45665ce9c49d658d12c74866968"
